
Microsoft Visual Studio Solution File, Format Version 12.00
# Visual Studio Version 17
VisualStudioVersion = 17.1.32210.238
MinimumVisualStudioVersion = 10.0.40219.1
Project("{9A19103F-16F7-4668-BE54-9A1E7A4F7556}") = "Impulsionatech.Contas.WebAPI", "Impulsionatech.Conta.Clientes.WebAPI\Impulsionatech.Contas.WebAPI.csproj", "{A24B11F5-6BA4-421D-9789-E9B386730A3B}"
EndProject
Project("{9A19103F-16F7-4668-BE54-9A1E7A4F7556}") = "Impulsionatech.Contas.Domain", "Impulsionatech.Contas.Domain\Impulsionatech.Contas.Domain.csproj", "{5A2E677C-F63F-4099-8882-3AB49724ECD0}"
EndProject
Project("{FAE04EC0-301F-11D3-BF4B-00C04F79EFBC}") = "Impulsionatech.Conta.Application", "Impulsionatech.Conta.Application\Impulsionatech.Conta.Application.csproj", "{C3B78C7C-18DF-41A9-8322-6C3C13DD9566}"
EndProject
Project("{FAE04EC0-301F-11D3-BF4B-00C04F79EFBC}") = "Impulsionatech.Conta.Infra", "Impulsionatech.Conta.Infra\Impulsionatech.Conta.Infra.csproj", "{19F4423D-7F99-4AE5-BB09-2A503BCBDDD6}"
EndProject
Project("{FAE04EC0-301F-11D3-BF4B-00C04F79EFBC}") = "Impulsionatech.Conta.Repository", "Impulsionatech.Conta.Repository\Impulsionatech.Conta.Repository.csproj", "{EA684DC4-63BA-4A50-9BE4-35FBC8EE30DC}"
EndProject
Project("{FAE04EC0-301F-11D3-BF4B-00C04F79EFBC}") = "Impulsionatech.Conta.Test", "Impulsionatech.Conta.Test\Impulsionatech.Conta.Test.csproj", "{C73DED47-6F38-435E-9AE4-5373F5AB81C9}"
EndProject
Global
	GlobalSection(SolutionConfigurationPlatforms) = preSolution
		Debug|Any CPU = Debug|Any CPU
		Release|Any CPU = Release|Any CPU
	EndGlobalSection
	GlobalSection(ProjectConfigurationPlatforms) = postSolution
		{A24B11F5-6BA4-421D-9789-E9B386730A3B}.Debug|Any CPU.ActiveCfg = Debug|Any CPU
		{A24B11F5-6BA4-421D-9789-E9B386730A3B}.Debug|Any CPU.Build.0 = Debug|Any CPU
		{A24B11F5-6BA4-421D-9789-E9B386730A3B}.Release|Any CPU.ActiveCfg = Release|Any CPU
		{A24B11F5-6BA4-421D-9789-E9B386730A3B}.Release|Any CPU.Build.0 = Release|Any CPU
		{5A2E677C-F63F-4099-8882-3AB49724ECD0}.Debug|Any CPU.ActiveCfg = Debug|Any CPU
		{5A2E677C-F63F-4099-8882-3AB49724ECD0}.Debug|Any CPU.Build.0 = Debug|Any CPU
		{5A2E677C-F63F-4099-8882-3AB49724ECD0}.Release|Any CPU.ActiveCfg = Release|Any CPU
		{5A2E677C-F63F-4099-8882-3AB49724ECD0}.Release|Any CPU.Build.0 = Release|Any CPU
		{C3B78C7C-18DF-41A9-8322-6C3C13DD9566}.Debug|Any CPU.ActiveCfg = Debug|Any CPU
		{C3B78C7C-18DF-41A9-8322-6C3C13DD9566}.Debug|Any CPU.Build.0 = Debug|Any CPU
		{C3B78C7C-18DF-41A9-8322-6C3C13DD9566}.Release|Any CPU.ActiveCfg = Release|Any CPU
		{C3B78C7C-18DF-41A9-8322-6C3C13DD9566}.Release|Any CPU.Build.0 = Release|Any CPU
		{19F4423D-7F99-4AE5-BB09-2A503BCBDDD6}.Debug|Any CPU.ActiveCfg = Debug|Any CPU
		{19F4423D-7F99-4AE5-BB09-2A503BCBDDD6}.Debug|Any CPU.Build.0 = Debug|Any CPU
		{19F4423D-7F99-4AE5-BB09-2A503BCBDDD6}.Release|Any CPU.ActiveCfg = Release|Any CPU
		{19F4423D-7F99-4AE5-BB09-2A503BCBDDD6}.Release|Any CPU.Build.0 = Release|Any CPU
		{EA684DC4-63BA-4A50-9BE4-35FBC8EE30DC}.Debug|Any CPU.ActiveCfg = Debug|Any CPU
		{EA684DC4-63BA-4A50-9BE4-35FBC8EE30DC}.Debug|Any CPU.Build.0 = Debug|Any CPU
		{EA684DC4-63BA-4A50-9BE4-35FBC8EE30DC}.Release|Any CPU.ActiveCfg = Release|Any CPU
		{EA684DC4-63BA-4A50-9BE4-35FBC8EE30DC}.Release|Any CPU.Build.0 = Release|Any CPU
		{C73DED47-6F38-435E-9AE4-5373F5AB81C9}.Debug|Any CPU.ActiveCfg = Debug|Any CPU
		{C73DED47-6F38-435E-9AE4-5373F5AB81C9}.Debug|Any CPU.Build.0 = Debug|Any CPU
		{C73DED47-6F38-435E-9AE4-5373F5AB81C9}.Release|Any CPU.ActiveCfg = Release|Any CPU
		{C73DED47-6F38-435E-9AE4-5373F5AB81C9}.Release|Any CPU.Build.0 = Release|Any CPU
	EndGlobalSection
	GlobalSection(SolutionProperties) = preSolution
		HideSolutionNode = FALSE
	EndGlobalSection
	GlobalSection(ExtensibilityGlobals) = postSolution
		SolutionGuid = {24369323-C890-4C0B-8560-57CB4B9EAEE7}
	EndGlobalSection
EndGlobal
