
Microsoft Visual Studio Solution File, Format Version 12.00
# Visual Studio Version 17
VisualStudioVersion = 17.0.31903.59
MinimumVisualStudioVersion = 10.0.40219.1
Project("{FAE04EC0-301F-11D3-BF4B-00C04F79EFBC}") = "ImpulsionaTech.Transferencia.Api", "ImpulsionaTech.Transferencia.Api\ImpulsionaTech.Transferencia.Api.csproj", "{AF603A4A-B182-4403-9827-4990076F8165}"
EndProject
Project("{FAE04EC0-301F-11D3-BF4B-00C04F79EFBC}") = "ImpulsionaTech.Transferencia.Application", "ImpulsionaTech.Transferencia.Application\ImpulsionaTech.Transferencia.Application.csproj", "{A1DF5DCA-D759-4D8A-BACA-F41FC6876021}"
EndProject
Project("{FAE04EC0-301F-11D3-BF4B-00C04F79EFBC}") = "ImpulsionaTech.Transferencia.Domain", "ImpulsionaTech.Transferencia.Domain\ImpulsionaTech.Transferencia.Domain.csproj", "{86D1F217-4490-46D8-A416-9F99F3DFDC7C}"
EndProject
Project("{FAE04EC0-301F-11D3-BF4B-00C04F79EFBC}") = "ImpulsionaTech.Transferencia.Infra", "ImpulsionaTech.Transferencia.Infra\ImpulsionaTech.Transferencia.Infra.csproj", "{F819FD9A-4DAD-439E-BBCC-8BF498CA70CD}"
EndProject
Project("{FAE04EC0-301F-11D3-BF4B-00C04F79EFBC}") = "ImpulsionaTech.Transferencia.CrossCutting", "ImpulsionaTech.Transferencia.CrossCutting\ImpulsionaTech.Transferencia.CrossCutting.csproj", "{F779AE96-7037-4882-B4D7-52E15C027546}"
EndProject
Project("{FAE04EC0-301F-11D3-BF4B-00C04F79EFBC}") = "ImpulsionaTech.Transferencia.Tests", "ImpulsionaTech.Transferencia.Tests\ImpulsionaTech.Transferencia.Tests.csproj", "{5DE41A7F-96C2-4427-ADE0-AAE0E2C4E327}"
EndProject
Global
	GlobalSection(SolutionConfigurationPlatforms) = preSolution
		Debug|Any CPU = Debug|Any CPU
		Release|Any CPU = Release|Any CPU
	EndGlobalSection
	GlobalSection(SolutionProperties) = preSolution
		HideSolutionNode = FALSE
	EndGlobalSection
	GlobalSection(ProjectConfigurationPlatforms) = postSolution
		{AF603A4A-B182-4403-9827-4990076F8165}.Debug|Any CPU.ActiveCfg = Debug|Any CPU
		{AF603A4A-B182-4403-9827-4990076F8165}.Debug|Any CPU.Build.0 = Debug|Any CPU
		{AF603A4A-B182-4403-9827-4990076F8165}.Release|Any CPU.ActiveCfg = Release|Any CPU
		{AF603A4A-B182-4403-9827-4990076F8165}.Release|Any CPU.Build.0 = Release|Any CPU
		{A1DF5DCA-D759-4D8A-BACA-F41FC6876021}.Debug|Any CPU.ActiveCfg = Debug|Any CPU
		{A1DF5DCA-D759-4D8A-BACA-F41FC6876021}.Debug|Any CPU.Build.0 = Debug|Any CPU
		{A1DF5DCA-D759-4D8A-BACA-F41FC6876021}.Release|Any CPU.ActiveCfg = Release|Any CPU
		{A1DF5DCA-D759-4D8A-BACA-F41FC6876021}.Release|Any CPU.Build.0 = Release|Any CPU
		{86D1F217-4490-46D8-A416-9F99F3DFDC7C}.Debug|Any CPU.ActiveCfg = Debug|Any CPU
		{86D1F217-4490-46D8-A416-9F99F3DFDC7C}.Debug|Any CPU.Build.0 = Debug|Any CPU
		{86D1F217-4490-46D8-A416-9F99F3DFDC7C}.Release|Any CPU.ActiveCfg = Release|Any CPU
		{86D1F217-4490-46D8-A416-9F99F3DFDC7C}.Release|Any CPU.Build.0 = Release|Any CPU
		{F819FD9A-4DAD-439E-BBCC-8BF498CA70CD}.Debug|Any CPU.ActiveCfg = Debug|Any CPU
		{F819FD9A-4DAD-439E-BBCC-8BF498CA70CD}.Debug|Any CPU.Build.0 = Debug|Any CPU
		{F819FD9A-4DAD-439E-BBCC-8BF498CA70CD}.Release|Any CPU.ActiveCfg = Release|Any CPU
		{F819FD9A-4DAD-439E-BBCC-8BF498CA70CD}.Release|Any CPU.Build.0 = Release|Any CPU
		{F779AE96-7037-4882-B4D7-52E15C027546}.Debug|Any CPU.ActiveCfg = Debug|Any CPU
		{F779AE96-7037-4882-B4D7-52E15C027546}.Debug|Any CPU.Build.0 = Debug|Any CPU
		{F779AE96-7037-4882-B4D7-52E15C027546}.Release|Any CPU.ActiveCfg = Release|Any CPU
		{F779AE96-7037-4882-B4D7-52E15C027546}.Release|Any CPU.Build.0 = Release|Any CPU
		{5DE41A7F-96C2-4427-ADE0-AAE0E2C4E327}.Debug|Any CPU.ActiveCfg = Debug|Any CPU
		{5DE41A7F-96C2-4427-ADE0-AAE0E2C4E327}.Debug|Any CPU.Build.0 = Debug|Any CPU
		{5DE41A7F-96C2-4427-ADE0-AAE0E2C4E327}.Release|Any CPU.ActiveCfg = Release|Any CPU
		{5DE41A7F-96C2-4427-ADE0-AAE0E2C4E327}.Release|Any CPU.Build.0 = Release|Any CPU
	EndGlobalSection
EndGlobal
